
Microsoft Visual Studio Solution File, Format Version 12.00
# Visual Studio Version 17
VisualStudioVersion = 17.9.34616.47
MinimumVisualStudioVersion = 10.0.40219.1
Project("{FAE04EC0-301F-11D3-BF4B-00C04F79EFBC}") = "MVC", "MVC\MVC.csproj", "{19645748-870B-46CF-B014-8D1DEA07B991}"
EndProject
Project("{FAE04EC0-301F-11D3-BF4B-00C04F79EFBC}") = "DataAccess", "DataAccess\DataAccess.csproj", "{3511EEAD-9B4F-4D21-A301-0A54F82D7EDA}"
EndProject
Project("{FAE04EC0-301F-11D3-BF4B-00C04F79EFBC}") = "Business", "Business\Business.csproj", "{DEE0D05D-BA6C-4B4A-9E0C-BB53D953524D}"
EndProject
Global
	GlobalSection(SolutionConfigurationPlatforms) = preSolution
		Debug|Any CPU = Debug|Any CPU
		Release|Any CPU = Release|Any CPU
	EndGlobalSection
	GlobalSection(ProjectConfigurationPlatforms) = postSolution
		{19645748-870B-46CF-B014-8D1DEA07B991}.Debug|Any CPU.ActiveCfg = Debug|Any CPU
		{19645748-870B-46CF-B014-8D1DEA07B991}.Debug|Any CPU.Build.0 = Debug|Any CPU
		{19645748-870B-46CF-B014-8D1DEA07B991}.Release|Any CPU.ActiveCfg = Release|Any CPU
		{19645748-870B-46CF-B014-8D1DEA07B991}.Release|Any CPU.Build.0 = Release|Any CPU
		{3511EEAD-9B4F-4D21-A301-0A54F82D7EDA}.Debug|Any CPU.ActiveCfg = Debug|Any CPU
		{3511EEAD-9B4F-4D21-A301-0A54F82D7EDA}.Debug|Any CPU.Build.0 = Debug|Any CPU
		{3511EEAD-9B4F-4D21-A301-0A54F82D7EDA}.Release|Any CPU.ActiveCfg = Release|Any CPU
		{3511EEAD-9B4F-4D21-A301-0A54F82D7EDA}.Release|Any CPU.Build.0 = Release|Any CPU
		{DEE0D05D-BA6C-4B4A-9E0C-BB53D953524D}.Debug|Any CPU.ActiveCfg = Debug|Any CPU
		{DEE0D05D-BA6C-4B4A-9E0C-BB53D953524D}.Debug|Any CPU.Build.0 = Debug|Any CPU
		{DEE0D05D-BA6C-4B4A-9E0C-BB53D953524D}.Release|Any CPU.ActiveCfg = Release|Any CPU
		{DEE0D05D-BA6C-4B4A-9E0C-BB53D953524D}.Release|Any CPU.Build.0 = Release|Any CPU
	EndGlobalSection
	GlobalSection(SolutionProperties) = preSolution
		HideSolutionNode = FALSE
	EndGlobalSection
	GlobalSection(ExtensibilityGlobals) = postSolution
		SolutionGuid = {2C26FD6F-A8E4-470E-9DFD-D3FEA44C1346}
	EndGlobalSection
EndGlobal
